
Microsoft Visual Studio Solution File, Format Version 12.00
# Visual Studio Version 16
VisualStudioVersion = 16.0.31205.134
MinimumVisualStudioVersion = 10.0.40219.1
Project("{9A19103F-16F7-4668-BE54-9A1E7A4F7556}") = "asagiv.datapush.testing", "asagiv.datapush.testing\asagiv.datapush.testing.csproj", "{FC648077-1B6E-4288-996C-5AEBAD672A03}"
EndProject
Project("{9A19103F-16F7-4668-BE54-9A1E7A4F7556}") = "asagiv.datapush.ui", "asagiv.datapush.ui\asagiv.datapush.ui.csproj", "{DF4B6108-5CA4-4B08-BD2B-B6390D0FB5F9}"
EndProject
Project("{9A19103F-16F7-4668-BE54-9A1E7A4F7556}") = "asagiv.datapush.common", "asagiv.datapush.common\asagiv.datapush.common.csproj", "{318A770C-8675-48C0-997C-4E0B67E2B6BD}"
EndProject
Project("{9A19103F-16F7-4668-BE54-9A1E7A4F7556}") = "asagiv.datapush.server", "asagiv.datapush.server\asagiv.datapush.server.csproj", "{7A1F4B58-8489-4AC1-80B8-A36E6B97B88C}"
EndProject
Project("{9A19103F-16F7-4668-BE54-9A1E7A4F7556}") = "asagiv.datapush.server.common", "asagiv.datapush.server.common\asagiv.datapush.server.common.csproj", "{A4305D51-99FE-4CA8-8BF6-66AA0303E7D1}"
EndProject
Project("{9A19103F-16F7-4668-BE54-9A1E7A4F7556}") = "asagiv.datapush.winservice", "asagiv.datapush.winservice\asagiv.datapush.winservice.csproj", "{047E2421-2987-41C5-B69D-0B8788B29826}"
EndProject
Project("{FAE04EC0-301F-11D3-BF4B-00C04F79EFBC}") = "asagiv.datapush.ui.mobile.Android", "asagiv.datapush.ui.mobile\asagiv.datapush.ui.mobile.Android\asagiv.datapush.ui.mobile.Android.csproj", "{46923C72-86E5-4562-9DD7-08F24F9DE090}"
EndProject
Project("{9A19103F-16F7-4668-BE54-9A1E7A4F7556}") = "asagiv.datapush.ui.mobile", "asagiv.datapush.ui.mobile\asagiv.datapush.ui.mobile\asagiv.datapush.ui.mobile.csproj", "{528D7156-BDD3-4A4C-9FF4-50FD38953414}"
EndProject
Project("{FAE04EC0-301F-11D3-BF4B-00C04F79EFBC}") = "asagiv.datapush.ui.common", "asagiv.datapush.ui.common\asagiv.datapush.ui.common.csproj", "{37450182-9529-4940-AC87-67D3E6FC0958}"
EndProject
Global
	GlobalSection(SolutionConfigurationPlatforms) = preSolution
		Debug|Any CPU = Debug|Any CPU
		Debug|ARM = Debug|ARM
		Debug|arm64 = Debug|arm64
		Debug|iPhone = Debug|iPhone
		Debug|iPhoneSimulator = Debug|iPhoneSimulator
		Debug|x64 = Debug|x64
		Debug|x86 = Debug|x86
		Release|Any CPU = Release|Any CPU
		Release|ARM = Release|ARM
		Release|arm64 = Release|arm64
		Release|iPhone = Release|iPhone
		Release|iPhoneSimulator = Release|iPhoneSimulator
		Release|x64 = Release|x64
		Release|x86 = Release|x86
	EndGlobalSection
	GlobalSection(ProjectConfigurationPlatforms) = postSolution
		{FC648077-1B6E-4288-996C-5AEBAD672A03}.Debug|Any CPU.ActiveCfg = Debug|Any CPU
		{FC648077-1B6E-4288-996C-5AEBAD672A03}.Debug|Any CPU.Build.0 = Debug|Any CPU
		{FC648077-1B6E-4288-996C-5AEBAD672A03}.Debug|ARM.ActiveCfg = Debug|Any CPU
		{FC648077-1B6E-4288-996C-5AEBAD672A03}.Debug|ARM.Build.0 = Debug|Any CPU
		{FC648077-1B6E-4288-996C-5AEBAD672A03}.Debug|arm64.ActiveCfg = Debug|Any CPU
		{FC648077-1B6E-4288-996C-5AEBAD672A03}.Debug|arm64.Build.0 = Debug|Any CPU
		{FC648077-1B6E-4288-996C-5AEBAD672A03}.Debug|iPhone.ActiveCfg = Debug|Any CPU
		{FC648077-1B6E-4288-996C-5AEBAD672A03}.Debug|iPhone.Build.0 = Debug|Any CPU
		{FC648077-1B6E-4288-996C-5AEBAD672A03}.Debug|iPhoneSimulator.ActiveCfg = Debug|Any CPU
		{FC648077-1B6E-4288-996C-5AEBAD672A03}.Debug|iPhoneSimulator.Build.0 = Debug|Any CPU
		{FC648077-1B6E-4288-996C-5AEBAD672A03}.Debug|x64.ActiveCfg = Debug|Any CPU
		{FC648077-1B6E-4288-996C-5AEBAD672A03}.Debug|x64.Build.0 = Debug|Any CPU
		{FC648077-1B6E-4288-996C-5AEBAD672A03}.Debug|x86.ActiveCfg = Debug|Any CPU
		{FC648077-1B6E-4288-996C-5AEBAD672A03}.Debug|x86.Build.0 = Debug|Any CPU
		{FC648077-1B6E-4288-996C-5AEBAD672A03}.Release|Any CPU.ActiveCfg = Release|Any CPU
		{FC648077-1B6E-4288-996C-5AEBAD672A03}.Release|Any CPU.Build.0 = Release|Any CPU
		{FC648077-1B6E-4288-996C-5AEBAD672A03}.Release|ARM.ActiveCfg = Release|Any CPU
		{FC648077-1B6E-4288-996C-5AEBAD672A03}.Release|ARM.Build.0 = Release|Any CPU
		{FC648077-1B6E-4288-996C-5AEBAD672A03}.Release|arm64.ActiveCfg = Release|Any CPU
		{FC648077-1B6E-4288-996C-5AEBAD672A03}.Release|arm64.Build.0 = Release|Any CPU
		{FC648077-1B6E-4288-996C-5AEBAD672A03}.Release|iPhone.ActiveCfg = Release|Any CPU
		{FC648077-1B6E-4288-996C-5AEBAD672A03}.Release|iPhone.Build.0 = Release|Any CPU
		{FC648077-1B6E-4288-996C-5AEBAD672A03}.Release|iPhoneSimulator.ActiveCfg = Release|Any CPU
		{FC648077-1B6E-4288-996C-5AEBAD672A03}.Release|iPhoneSimulator.Build.0 = Release|Any CPU
		{FC648077-1B6E-4288-996C-5AEBAD672A03}.Release|x64.ActiveCfg = Release|Any CPU
		{FC648077-1B6E-4288-996C-5AEBAD672A03}.Release|x64.Build.0 = Release|Any CPU
		{FC648077-1B6E-4288-996C-5AEBAD672A03}.Release|x86.ActiveCfg = Release|Any CPU
		{FC648077-1B6E-4288-996C-5AEBAD672A03}.Release|x86.Build.0 = Release|Any CPU
		{DF4B6108-5CA4-4B08-BD2B-B6390D0FB5F9}.Debug|Any CPU.ActiveCfg = Debug|Any CPU
		{DF4B6108-5CA4-4B08-BD2B-B6390D0FB5F9}.Debug|Any CPU.Build.0 = Debug|Any CPU
		{DF4B6108-5CA4-4B08-BD2B-B6390D0FB5F9}.Debug|ARM.ActiveCfg = Debug|Any CPU
		{DF4B6108-5CA4-4B08-BD2B-B6390D0FB5F9}.Debug|ARM.Build.0 = Debug|Any CPU
		{DF4B6108-5CA4-4B08-BD2B-B6390D0FB5F9}.Debug|arm64.ActiveCfg = Debug|Any CPU
		{DF4B6108-5CA4-4B08-BD2B-B6390D0FB5F9}.Debug|arm64.Build.0 = Debug|Any CPU
		{DF4B6108-5CA4-4B08-BD2B-B6390D0FB5F9}.Debug|iPhone.ActiveCfg = Debug|Any CPU
		{DF4B6108-5CA4-4B08-BD2B-B6390D0FB5F9}.Debug|iPhone.Build.0 = Debug|Any CPU
		{DF4B6108-5CA4-4B08-BD2B-B6390D0FB5F9}.Debug|iPhoneSimulator.ActiveCfg = Debug|Any CPU
		{DF4B6108-5CA4-4B08-BD2B-B6390D0FB5F9}.Debug|iPhoneSimulator.Build.0 = Debug|Any CPU
		{DF4B6108-5CA4-4B08-BD2B-B6390D0FB5F9}.Debug|x64.ActiveCfg = Debug|Any CPU
		{DF4B6108-5CA4-4B08-BD2B-B6390D0FB5F9}.Debug|x64.Build.0 = Debug|Any CPU
		{DF4B6108-5CA4-4B08-BD2B-B6390D0FB5F9}.Debug|x86.ActiveCfg = Debug|Any CPU
		{DF4B6108-5CA4-4B08-BD2B-B6390D0FB5F9}.Debug|x86.Build.0 = Debug|Any CPU
		{DF4B6108-5CA4-4B08-BD2B-B6390D0FB5F9}.Release|Any CPU.ActiveCfg = Release|Any CPU
		{DF4B6108-5CA4-4B08-BD2B-B6390D0FB5F9}.Release|Any CPU.Build.0 = Release|Any CPU
		{DF4B6108-5CA4-4B08-BD2B-B6390D0FB5F9}.Release|ARM.ActiveCfg = Release|Any CPU
		{DF4B6108-5CA4-4B08-BD2B-B6390D0FB5F9}.Release|ARM.Build.0 = Release|Any CPU
		{DF4B6108-5CA4-4B08-BD2B-B6390D0FB5F9}.Release|arm64.ActiveCfg = Release|Any CPU
		{DF4B6108-5CA4-4B08-BD2B-B6390D0FB5F9}.Release|arm64.Build.0 = Release|Any CPU
		{DF4B6108-5CA4-4B08-BD2B-B6390D0FB5F9}.Release|iPhone.ActiveCfg = Release|Any CPU
		{DF4B6108-5CA4-4B08-BD2B-B6390D0FB5F9}.Release|iPhone.Build.0 = Release|Any CPU
		{DF4B6108-5CA4-4B08-BD2B-B6390D0FB5F9}.Release|iPhoneSimulator.ActiveCfg = Release|Any CPU
		{DF4B6108-5CA4-4B08-BD2B-B6390D0FB5F9}.Release|iPhoneSimulator.Build.0 = Release|Any CPU
		{DF4B6108-5CA4-4B08-BD2B-B6390D0FB5F9}.Release|x64.ActiveCfg = Release|Any CPU
		{DF4B6108-5CA4-4B08-BD2B-B6390D0FB5F9}.Release|x64.Build.0 = Release|Any CPU
		{DF4B6108-5CA4-4B08-BD2B-B6390D0FB5F9}.Release|x86.ActiveCfg = Release|Any CPU
		{DF4B6108-5CA4-4B08-BD2B-B6390D0FB5F9}.Release|x86.Build.0 = Release|Any CPU
		{318A770C-8675-48C0-997C-4E0B67E2B6BD}.Debug|Any CPU.ActiveCfg = Debug|Any CPU
		{318A770C-8675-48C0-997C-4E0B67E2B6BD}.Debug|Any CPU.Build.0 = Debug|Any CPU
		{318A770C-8675-48C0-997C-4E0B67E2B6BD}.Debug|ARM.ActiveCfg = Debug|Any CPU
		{318A770C-8675-48C0-997C-4E0B67E2B6BD}.Debug|ARM.Build.0 = Debug|Any CPU
		{318A770C-8675-48C0-997C-4E0B67E2B6BD}.Debug|arm64.ActiveCfg = Debug|Any CPU
		{318A770C-8675-48C0-997C-4E0B67E2B6BD}.Debug|arm64.Build.0 = Debug|Any CPU
		{318A770C-8675-48C0-997C-4E0B67E2B6BD}.Debug|iPhone.ActiveCfg = Debug|Any CPU
		{318A770C-8675-48C0-997C-4E0B67E2B6BD}.Debug|iPhone.Build.0 = Debug|Any CPU
		{318A770C-8675-48C0-997C-4E0B67E2B6BD}.Debug|iPhoneSimulator.ActiveCfg = Debug|Any CPU
		{318A770C-8675-48C0-997C-4E0B67E2B6BD}.Debug|iPhoneSimulator.Build.0 = Debug|Any CPU
		{318A770C-8675-48C0-997C-4E0B67E2B6BD}.Debug|x64.ActiveCfg = Debug|Any CPU
		{318A770C-8675-48C0-997C-4E0B67E2B6BD}.Debug|x64.Build.0 = Debug|Any CPU
		{318A770C-8675-48C0-997C-4E0B67E2B6BD}.Debug|x86.ActiveCfg = Debug|Any CPU
		{318A770C-8675-48C0-997C-4E0B67E2B6BD}.Debug|x86.Build.0 = Debug|Any CPU
		{318A770C-8675-48C0-997C-4E0B67E2B6BD}.Release|Any CPU.ActiveCfg = Release|Any CPU
		{318A770C-8675-48C0-997C-4E0B67E2B6BD}.Release|Any CPU.Build.0 = Release|Any CPU
		{318A770C-8675-48C0-997C-4E0B67E2B6BD}.Release|ARM.ActiveCfg = Release|Any CPU
		{318A770C-8675-48C0-997C-4E0B67E2B6BD}.Release|ARM.Build.0 = Release|Any CPU
		{318A770C-8675-48C0-997C-4E0B67E2B6BD}.Release|arm64.ActiveCfg = Release|Any CPU
		{318A770C-8675-48C0-997C-4E0B67E2B6BD}.Release|arm64.Build.0 = Release|Any CPU
		{318A770C-8675-48C0-997C-4E0B67E2B6BD}.Release|iPhone.ActiveCfg = Release|Any CPU
		{318A770C-8675-48C0-997C-4E0B67E2B6BD}.Release|iPhone.Build.0 = Release|Any CPU
		{318A770C-8675-48C0-997C-4E0B67E2B6BD}.Release|iPhoneSimulator.ActiveCfg = Release|Any CPU
		{318A770C-8675-48C0-997C-4E0B67E2B6BD}.Release|iPhoneSimulator.Build.0 = Release|Any CPU
		{318A770C-8675-48C0-997C-4E0B67E2B6BD}.Release|x64.ActiveCfg = Release|Any CPU
		{318A770C-8675-48C0-997C-4E0B67E2B6BD}.Release|x64.Build.0 = Release|Any CPU
		{318A770C-8675-48C0-997C-4E0B67E2B6BD}.Release|x86.ActiveCfg = Release|Any CPU
		{318A770C-8675-48C0-997C-4E0B67E2B6BD}.Release|x86.Build.0 = Release|Any CPU
		{7A1F4B58-8489-4AC1-80B8-A36E6B97B88C}.Debug|Any CPU.ActiveCfg = Debug|Any CPU
		{7A1F4B58-8489-4AC1-80B8-A36E6B97B88C}.Debug|Any CPU.Build.0 = Debug|Any CPU
		{7A1F4B58-8489-4AC1-80B8-A36E6B97B88C}.Debug|ARM.ActiveCfg = Debug|Any CPU
		{7A1F4B58-8489-4AC1-80B8-A36E6B97B88C}.Debug|ARM.Build.0 = Debug|Any CPU
		{7A1F4B58-8489-4AC1-80B8-A36E6B97B88C}.Debug|arm64.ActiveCfg = Debug|Any CPU
		{7A1F4B58-8489-4AC1-80B8-A36E6B97B88C}.Debug|arm64.Build.0 = Debug|Any CPU
		{7A1F4B58-8489-4AC1-80B8-A36E6B97B88C}.Debug|iPhone.ActiveCfg = Debug|Any CPU
		{7A1F4B58-8489-4AC1-80B8-A36E6B97B88C}.Debug|iPhone.Build.0 = Debug|Any CPU
		{7A1F4B58-8489-4AC1-80B8-A36E6B97B88C}.Debug|iPhoneSimulator.ActiveCfg = Debug|Any CPU
		{7A1F4B58-8489-4AC1-80B8-A36E6B97B88C}.Debug|iPhoneSimulator.Build.0 = Debug|Any CPU
		{7A1F4B58-8489-4AC1-80B8-A36E6B97B88C}.Debug|x64.ActiveCfg = Debug|Any CPU
		{7A1F4B58-8489-4AC1-80B8-A36E6B97B88C}.Debug|x64.Build.0 = Debug|Any CPU
		{7A1F4B58-8489-4AC1-80B8-A36E6B97B88C}.Debug|x86.ActiveCfg = Debug|Any CPU
		{7A1F4B58-8489-4AC1-80B8-A36E6B97B88C}.Debug|x86.Build.0 = Debug|Any CPU
		{7A1F4B58-8489-4AC1-80B8-A36E6B97B88C}.Release|Any CPU.ActiveCfg = Release|Any CPU
		{7A1F4B58-8489-4AC1-80B8-A36E6B97B88C}.Release|Any CPU.Build.0 = Release|Any CPU
		{7A1F4B58-8489-4AC1-80B8-A36E6B97B88C}.Release|ARM.ActiveCfg = Release|Any CPU
		{7A1F4B58-8489-4AC1-80B8-A36E6B97B88C}.Release|ARM.Build.0 = Release|Any CPU
		{7A1F4B58-8489-4AC1-80B8-A36E6B97B88C}.Release|arm64.ActiveCfg = Release|Any CPU
		{7A1F4B58-8489-4AC1-80B8-A36E6B97B88C}.Release|arm64.Build.0 = Release|Any CPU
		{7A1F4B58-8489-4AC1-80B8-A36E6B97B88C}.Release|iPhone.ActiveCfg = Release|Any CPU
		{7A1F4B58-8489-4AC1-80B8-A36E6B97B88C}.Release|iPhone.Build.0 = Release|Any CPU
		{7A1F4B58-8489-4AC1-80B8-A36E6B97B88C}.Release|iPhoneSimulator.ActiveCfg = Release|Any CPU
		{7A1F4B58-8489-4AC1-80B8-A36E6B97B88C}.Release|iPhoneSimulator.Build.0 = Release|Any CPU
		{7A1F4B58-8489-4AC1-80B8-A36E6B97B88C}.Release|x64.ActiveCfg = Release|Any CPU
		{7A1F4B58-8489-4AC1-80B8-A36E6B97B88C}.Release|x64.Build.0 = Release|Any CPU
		{7A1F4B58-8489-4AC1-80B8-A36E6B97B88C}.Release|x86.ActiveCfg = Release|Any CPU
		{7A1F4B58-8489-4AC1-80B8-A36E6B97B88C}.Release|x86.Build.0 = Release|Any CPU
		{A4305D51-99FE-4CA8-8BF6-66AA0303E7D1}.Debug|Any CPU.ActiveCfg = Debug|Any CPU
		{A4305D51-99FE-4CA8-8BF6-66AA0303E7D1}.Debug|Any CPU.Build.0 = Debug|Any CPU
		{A4305D51-99FE-4CA8-8BF6-66AA0303E7D1}.Debug|ARM.ActiveCfg = Debug|Any CPU
		{A4305D51-99FE-4CA8-8BF6-66AA0303E7D1}.Debug|ARM.Build.0 = Debug|Any CPU
		{A4305D51-99FE-4CA8-8BF6-66AA0303E7D1}.Debug|arm64.ActiveCfg = Debug|Any CPU
		{A4305D51-99FE-4CA8-8BF6-66AA0303E7D1}.Debug|arm64.Build.0 = Debug|Any CPU
		{A4305D51-99FE-4CA8-8BF6-66AA0303E7D1}.Debug|iPhone.ActiveCfg = Debug|Any CPU
		{A4305D51-99FE-4CA8-8BF6-66AA0303E7D1}.Debug|iPhone.Build.0 = Debug|Any CPU
		{A4305D51-99FE-4CA8-8BF6-66AA0303E7D1}.Debug|iPhoneSimulator.ActiveCfg = Debug|Any CPU
		{A4305D51-99FE-4CA8-8BF6-66AA0303E7D1}.Debug|iPhoneSimulator.Build.0 = Debug|Any CPU
		{A4305D51-99FE-4CA8-8BF6-66AA0303E7D1}.Debug|x64.ActiveCfg = Debug|Any CPU
		{A4305D51-99FE-4CA8-8BF6-66AA0303E7D1}.Debug|x64.Build.0 = Debug|Any CPU
		{A4305D51-99FE-4CA8-8BF6-66AA0303E7D1}.Debug|x86.ActiveCfg = Debug|Any CPU
		{A4305D51-99FE-4CA8-8BF6-66AA0303E7D1}.Debug|x86.Build.0 = Debug|Any CPU
		{A4305D51-99FE-4CA8-8BF6-66AA0303E7D1}.Release|Any CPU.ActiveCfg = Release|Any CPU
		{A4305D51-99FE-4CA8-8BF6-66AA0303E7D1}.Release|Any CPU.Build.0 = Release|Any CPU
		{A4305D51-99FE-4CA8-8BF6-66AA0303E7D1}.Release|ARM.ActiveCfg = Release|Any CPU
		{A4305D51-99FE-4CA8-8BF6-66AA0303E7D1}.Release|ARM.Build.0 = Release|Any CPU
		{A4305D51-99FE-4CA8-8BF6-66AA0303E7D1}.Release|arm64.ActiveCfg = Release|Any CPU
		{A4305D51-99FE-4CA8-8BF6-66AA0303E7D1}.Release|arm64.Build.0 = Release|Any CPU
		{A4305D51-99FE-4CA8-8BF6-66AA0303E7D1}.Release|iPhone.ActiveCfg = Release|Any CPU
		{A4305D51-99FE-4CA8-8BF6-66AA0303E7D1}.Release|iPhone.Build.0 = Release|Any CPU
		{A4305D51-99FE-4CA8-8BF6-66AA0303E7D1}.Release|iPhoneSimulator.ActiveCfg = Release|Any CPU
		{A4305D51-99FE-4CA8-8BF6-66AA0303E7D1}.Release|iPhoneSimulator.Build.0 = Release|Any CPU
		{A4305D51-99FE-4CA8-8BF6-66AA0303E7D1}.Release|x64.ActiveCfg = Release|Any CPU
		{A4305D51-99FE-4CA8-8BF6-66AA0303E7D1}.Release|x64.Build.0 = Release|Any CPU
		{A4305D51-99FE-4CA8-8BF6-66AA0303E7D1}.Release|x86.ActiveCfg = Release|Any CPU
		{A4305D51-99FE-4CA8-8BF6-66AA0303E7D1}.Release|x86.Build.0 = Release|Any CPU
		{047E2421-2987-41C5-B69D-0B8788B29826}.Debug|Any CPU.ActiveCfg = Debug|Any CPU
		{047E2421-2987-41C5-B69D-0B8788B29826}.Debug|Any CPU.Build.0 = Debug|Any CPU
		{047E2421-2987-41C5-B69D-0B8788B29826}.Debug|ARM.ActiveCfg = Debug|Any CPU
		{047E2421-2987-41C5-B69D-0B8788B29826}.Debug|ARM.Build.0 = Debug|Any CPU
		{047E2421-2987-41C5-B69D-0B8788B29826}.Debug|arm64.ActiveCfg = Debug|Any CPU
		{047E2421-2987-41C5-B69D-0B8788B29826}.Debug|arm64.Build.0 = Debug|Any CPU
		{047E2421-2987-41C5-B69D-0B8788B29826}.Debug|iPhone.ActiveCfg = Debug|Any CPU
		{047E2421-2987-41C5-B69D-0B8788B29826}.Debug|iPhone.Build.0 = Debug|Any CPU
		{047E2421-2987-41C5-B69D-0B8788B29826}.Debug|iPhoneSimulator.ActiveCfg = Debug|Any CPU
		{047E2421-2987-41C5-B69D-0B8788B29826}.Debug|iPhoneSimulator.Build.0 = Debug|Any CPU
		{047E2421-2987-41C5-B69D-0B8788B29826}.Debug|x64.ActiveCfg = Debug|Any CPU
		{047E2421-2987-41C5-B69D-0B8788B29826}.Debug|x64.Build.0 = Debug|Any CPU
		{047E2421-2987-41C5-B69D-0B8788B29826}.Debug|x86.ActiveCfg = Debug|Any CPU
		{047E2421-2987-41C5-B69D-0B8788B29826}.Debug|x86.Build.0 = Debug|Any CPU
		{047E2421-2987-41C5-B69D-0B8788B29826}.Release|Any CPU.ActiveCfg = Release|Any CPU
		{047E2421-2987-41C5-B69D-0B8788B29826}.Release|Any CPU.Build.0 = Release|Any CPU
		{047E2421-2987-41C5-B69D-0B8788B29826}.Release|ARM.ActiveCfg = Release|Any CPU
		{047E2421-2987-41C5-B69D-0B8788B29826}.Release|ARM.Build.0 = Release|Any CPU
		{047E2421-2987-41C5-B69D-0B8788B29826}.Release|arm64.ActiveCfg = Release|Any CPU
		{047E2421-2987-41C5-B69D-0B8788B29826}.Release|arm64.Build.0 = Release|Any CPU
		{047E2421-2987-41C5-B69D-0B8788B29826}.Release|iPhone.ActiveCfg = Release|Any CPU
		{047E2421-2987-41C5-B69D-0B8788B29826}.Release|iPhone.Build.0 = Release|Any CPU
		{047E2421-2987-41C5-B69D-0B8788B29826}.Release|iPhoneSimulator.ActiveCfg = Release|Any CPU
		{047E2421-2987-41C5-B69D-0B8788B29826}.Release|iPhoneSimulator.Build.0 = Release|Any CPU
		{047E2421-2987-41C5-B69D-0B8788B29826}.Release|x64.ActiveCfg = Release|Any CPU
		{047E2421-2987-41C5-B69D-0B8788B29826}.Release|x64.Build.0 = Release|Any CPU
		{047E2421-2987-41C5-B69D-0B8788B29826}.Release|x86.ActiveCfg = Release|Any CPU
		{047E2421-2987-41C5-B69D-0B8788B29826}.Release|x86.Build.0 = Release|Any CPU
		{46923C72-86E5-4562-9DD7-08F24F9DE090}.Debug|Any CPU.ActiveCfg = Debug|Any CPU
		{46923C72-86E5-4562-9DD7-08F24F9DE090}.Debug|Any CPU.Build.0 = Debug|Any CPU
		{46923C72-86E5-4562-9DD7-08F24F9DE090}.Debug|Any CPU.Deploy.0 = Debug|Any CPU
		{46923C72-86E5-4562-9DD7-08F24F9DE090}.Debug|ARM.ActiveCfg = Debug|Any CPU
		{46923C72-86E5-4562-9DD7-08F24F9DE090}.Debug|ARM.Build.0 = Debug|Any CPU
		{46923C72-86E5-4562-9DD7-08F24F9DE090}.Debug|ARM.Deploy.0 = Debug|Any CPU
		{46923C72-86E5-4562-9DD7-08F24F9DE090}.Debug|arm64.ActiveCfg = Debug|Any CPU
		{46923C72-86E5-4562-9DD7-08F24F9DE090}.Debug|arm64.Build.0 = Debug|Any CPU
		{46923C72-86E5-4562-9DD7-08F24F9DE090}.Debug|arm64.Deploy.0 = Debug|Any CPU
		{46923C72-86E5-4562-9DD7-08F24F9DE090}.Debug|iPhone.ActiveCfg = Debug|Any CPU
		{46923C72-86E5-4562-9DD7-08F24F9DE090}.Debug|iPhone.Build.0 = Debug|Any CPU
		{46923C72-86E5-4562-9DD7-08F24F9DE090}.Debug|iPhone.Deploy.0 = Debug|Any CPU
		{46923C72-86E5-4562-9DD7-08F24F9DE090}.Debug|iPhoneSimulator.ActiveCfg = Debug|Any CPU
		{46923C72-86E5-4562-9DD7-08F24F9DE090}.Debug|iPhoneSimulator.Build.0 = Debug|Any CPU
		{46923C72-86E5-4562-9DD7-08F24F9DE090}.Debug|iPhoneSimulator.Deploy.0 = Debug|Any CPU
		{46923C72-86E5-4562-9DD7-08F24F9DE090}.Debug|x64.ActiveCfg = Debug|Any CPU
		{46923C72-86E5-4562-9DD7-08F24F9DE090}.Debug|x64.Build.0 = Debug|Any CPU
		{46923C72-86E5-4562-9DD7-08F24F9DE090}.Debug|x64.Deploy.0 = Debug|Any CPU
		{46923C72-86E5-4562-9DD7-08F24F9DE090}.Debug|x86.ActiveCfg = Debug|Any CPU
		{46923C72-86E5-4562-9DD7-08F24F9DE090}.Debug|x86.Build.0 = Debug|Any CPU
		{46923C72-86E5-4562-9DD7-08F24F9DE090}.Debug|x86.Deploy.0 = Debug|Any CPU
		{46923C72-86E5-4562-9DD7-08F24F9DE090}.Release|Any CPU.ActiveCfg = Release|Any CPU
		{46923C72-86E5-4562-9DD7-08F24F9DE090}.Release|Any CPU.Build.0 = Release|Any CPU
		{46923C72-86E5-4562-9DD7-08F24F9DE090}.Release|Any CPU.Deploy.0 = Release|Any CPU
		{46923C72-86E5-4562-9DD7-08F24F9DE090}.Release|ARM.ActiveCfg = Release|Any CPU
		{46923C72-86E5-4562-9DD7-08F24F9DE090}.Release|ARM.Build.0 = Release|Any CPU
		{46923C72-86E5-4562-9DD7-08F24F9DE090}.Release|ARM.Deploy.0 = Release|Any CPU
		{46923C72-86E5-4562-9DD7-08F24F9DE090}.Release|arm64.ActiveCfg = Release|Any CPU
		{46923C72-86E5-4562-9DD7-08F24F9DE090}.Release|arm64.Build.0 = Release|Any CPU
		{46923C72-86E5-4562-9DD7-08F24F9DE090}.Release|arm64.Deploy.0 = Release|Any CPU
		{46923C72-86E5-4562-9DD7-08F24F9DE090}.Release|iPhone.ActiveCfg = Release|Any CPU
		{46923C72-86E5-4562-9DD7-08F24F9DE090}.Release|iPhone.Build.0 = Release|Any CPU
		{46923C72-86E5-4562-9DD7-08F24F9DE090}.Release|iPhone.Deploy.0 = Release|Any CPU
		{46923C72-86E5-4562-9DD7-08F24F9DE090}.Release|iPhoneSimulator.ActiveCfg = Release|Any CPU
		{46923C72-86E5-4562-9DD7-08F24F9DE090}.Release|iPhoneSimulator.Build.0 = Release|Any CPU
		{46923C72-86E5-4562-9DD7-08F24F9DE090}.Release|iPhoneSimulator.Deploy.0 = Release|Any CPU
		{46923C72-86E5-4562-9DD7-08F24F9DE090}.Release|x64.ActiveCfg = Release|Any CPU
		{46923C72-86E5-4562-9DD7-08F24F9DE090}.Release|x64.Build.0 = Release|Any CPU
		{46923C72-86E5-4562-9DD7-08F24F9DE090}.Release|x64.Deploy.0 = Release|Any CPU
		{46923C72-86E5-4562-9DD7-08F24F9DE090}.Release|x86.ActiveCfg = Release|Any CPU
		{46923C72-86E5-4562-9DD7-08F24F9DE090}.Release|x86.Build.0 = Release|Any CPU
		{46923C72-86E5-4562-9DD7-08F24F9DE090}.Release|x86.Deploy.0 = Release|Any CPU
		{528D7156-BDD3-4A4C-9FF4-50FD38953414}.Debug|Any CPU.ActiveCfg = Debug|Any CPU
		{528D7156-BDD3-4A4C-9FF4-50FD38953414}.Debug|Any CPU.Build.0 = Debug|Any CPU
		{528D7156-BDD3-4A4C-9FF4-50FD38953414}.Debug|ARM.ActiveCfg = Debug|Any CPU
		{528D7156-BDD3-4A4C-9FF4-50FD38953414}.Debug|ARM.Build.0 = Debug|Any CPU
		{528D7156-BDD3-4A4C-9FF4-50FD38953414}.Debug|arm64.ActiveCfg = Debug|Any CPU
		{528D7156-BDD3-4A4C-9FF4-50FD38953414}.Debug|arm64.Build.0 = Debug|Any CPU
		{528D7156-BDD3-4A4C-9FF4-50FD38953414}.Debug|iPhone.ActiveCfg = Debug|Any CPU
		{528D7156-BDD3-4A4C-9FF4-50FD38953414}.Debug|iPhone.Build.0 = Debug|Any CPU
		{528D7156-BDD3-4A4C-9FF4-50FD38953414}.Debug|iPhoneSimulator.ActiveCfg = Debug|Any CPU
		{528D7156-BDD3-4A4C-9FF4-50FD38953414}.Debug|iPhoneSimulator.Build.0 = Debug|Any CPU
		{528D7156-BDD3-4A4C-9FF4-50FD38953414}.Debug|x64.ActiveCfg = Debug|Any CPU
		{528D7156-BDD3-4A4C-9FF4-50FD38953414}.Debug|x64.Build.0 = Debug|Any CPU
		{528D7156-BDD3-4A4C-9FF4-50FD38953414}.Debug|x86.ActiveCfg = Debug|Any CPU
		{528D7156-BDD3-4A4C-9FF4-50FD38953414}.Debug|x86.Build.0 = Debug|Any CPU
		{528D7156-BDD3-4A4C-9FF4-50FD38953414}.Release|Any CPU.ActiveCfg = Release|Any CPU
		{528D7156-BDD3-4A4C-9FF4-50FD38953414}.Release|Any CPU.Build.0 = Release|Any CPU
		{528D7156-BDD3-4A4C-9FF4-50FD38953414}.Release|ARM.ActiveCfg = Release|Any CPU
		{528D7156-BDD3-4A4C-9FF4-50FD38953414}.Release|ARM.Build.0 = Release|Any CPU
		{528D7156-BDD3-4A4C-9FF4-50FD38953414}.Release|arm64.ActiveCfg = Release|Any CPU
		{528D7156-BDD3-4A4C-9FF4-50FD38953414}.Release|arm64.Build.0 = Release|Any CPU
		{528D7156-BDD3-4A4C-9FF4-50FD38953414}.Release|iPhone.ActiveCfg = Release|Any CPU
		{528D7156-BDD3-4A4C-9FF4-50FD38953414}.Release|iPhone.Build.0 = Release|Any CPU
		{528D7156-BDD3-4A4C-9FF4-50FD38953414}.Release|iPhoneSimulator.ActiveCfg = Release|Any CPU
		{528D7156-BDD3-4A4C-9FF4-50FD38953414}.Release|iPhoneSimulator.Build.0 = Release|Any CPU
		{528D7156-BDD3-4A4C-9FF4-50FD38953414}.Release|x64.ActiveCfg = Release|Any CPU
		{528D7156-BDD3-4A4C-9FF4-50FD38953414}.Release|x64.Build.0 = Release|Any CPU
		{528D7156-BDD3-4A4C-9FF4-50FD38953414}.Release|x86.ActiveCfg = Release|Any CPU
		{528D7156-BDD3-4A4C-9FF4-50FD38953414}.Release|x86.Build.0 = Release|Any CPU
		{37450182-9529-4940-AC87-67D3E6FC0958}.Debug|Any CPU.ActiveCfg = Debug|Any CPU
		{37450182-9529-4940-AC87-67D3E6FC0958}.Debug|Any CPU.Build.0 = Debug|Any CPU
		{37450182-9529-4940-AC87-67D3E6FC0958}.Debug|ARM.ActiveCfg = Debug|Any CPU
		{37450182-9529-4940-AC87-67D3E6FC0958}.Debug|ARM.Build.0 = Debug|Any CPU
		{37450182-9529-4940-AC87-67D3E6FC0958}.Debug|arm64.ActiveCfg = Debug|Any CPU
		{37450182-9529-4940-AC87-67D3E6FC0958}.Debug|arm64.Build.0 = Debug|Any CPU
		{37450182-9529-4940-AC87-67D3E6FC0958}.Debug|iPhone.ActiveCfg = Debug|Any CPU
		{37450182-9529-4940-AC87-67D3E6FC0958}.Debug|iPhone.Build.0 = Debug|Any CPU
		{37450182-9529-4940-AC87-67D3E6FC0958}.Debug|iPhoneSimulator.ActiveCfg = Debug|Any CPU
		{37450182-9529-4940-AC87-67D3E6FC0958}.Debug|iPhoneSimulator.Build.0 = Debug|Any CPU
		{37450182-9529-4940-AC87-67D3E6FC0958}.Debug|x64.ActiveCfg = Debug|Any CPU
		{37450182-9529-4940-AC87-67D3E6FC0958}.Debug|x64.Build.0 = Debug|Any CPU
		{37450182-9529-4940-AC87-67D3E6FC0958}.Debug|x86.ActiveCfg = Debug|Any CPU
		{37450182-9529-4940-AC87-67D3E6FC0958}.Debug|x86.Build.0 = Debug|Any CPU
		{37450182-9529-4940-AC87-67D3E6FC0958}.Release|Any CPU.ActiveCfg = Release|Any CPU
		{37450182-9529-4940-AC87-67D3E6FC0958}.Release|Any CPU.Build.0 = Release|Any CPU
		{37450182-9529-4940-AC87-67D3E6FC0958}.Release|ARM.ActiveCfg = Release|Any CPU
		{37450182-9529-4940-AC87-67D3E6FC0958}.Release|ARM.Build.0 = Release|Any CPU
		{37450182-9529-4940-AC87-67D3E6FC0958}.Release|arm64.ActiveCfg = Release|Any CPU
		{37450182-9529-4940-AC87-67D3E6FC0958}.Release|arm64.Build.0 = Release|Any CPU
		{37450182-9529-4940-AC87-67D3E6FC0958}.Release|iPhone.ActiveCfg = Release|Any CPU
		{37450182-9529-4940-AC87-67D3E6FC0958}.Release|iPhone.Build.0 = Release|Any CPU
		{37450182-9529-4940-AC87-67D3E6FC0958}.Release|iPhoneSimulator.ActiveCfg = Release|Any CPU
		{37450182-9529-4940-AC87-67D3E6FC0958}.Release|iPhoneSimulator.Build.0 = Release|Any CPU
		{37450182-9529-4940-AC87-67D3E6FC0958}.Release|x64.ActiveCfg = Release|Any CPU
		{37450182-9529-4940-AC87-67D3E6FC0958}.Release|x64.Build.0 = Release|Any CPU
		{37450182-9529-4940-AC87-67D3E6FC0958}.Release|x86.ActiveCfg = Release|Any CPU
		{37450182-9529-4940-AC87-67D3E6FC0958}.Release|x86.Build.0 = Release|Any CPU
	EndGlobalSection
	GlobalSection(SolutionProperties) = preSolution
		HideSolutionNode = FALSE
	EndGlobalSection
	GlobalSection(ExtensibilityGlobals) = postSolution
		SolutionGuid = {9F90DFCB-42D8-4413-9563-D7188004CD7E}
	EndGlobalSection
EndGlobal
