
Microsoft Visual Studio Solution File, Format Version 12.00
# Visual Studio Version 17
VisualStudioVersion = 17.2.32408.312
MinimumVisualStudioVersion = 10.0.40219.1
Project("{9A19103F-16F7-4668-BE54-9A1E7A4F7556}") = "asagiv.datapush.common", "asagiv.datapush.common\asagiv.datapush.common.csproj", "{318A770C-8675-48C0-997C-4E0B67E2B6BD}"
EndProject
Project("{9A19103F-16F7-4668-BE54-9A1E7A4F7556}") = "asagiv.datapush.server.common", "asagiv.datapush.server.common\asagiv.datapush.server.common.csproj", "{A4305D51-99FE-4CA8-8BF6-66AA0303E7D1}"
EndProject
Project("{9A19103F-16F7-4668-BE54-9A1E7A4F7556}") = "asagiv.datapush.winservice", "asagiv.datapush.winservice\asagiv.datapush.winservice.csproj", "{047E2421-2987-41C5-B69D-0B8788B29826}"
EndProject
Project("{9A19103F-16F7-4668-BE54-9A1E7A4F7556}") = "asagiv.datapush.ui.common", "asagiv.datapush.ui.common\asagiv.datapush.ui.common.csproj", "{37450182-9529-4940-AC87-67D3E6FC0958}"
EndProject
Project("{9A19103F-16F7-4668-BE54-9A1E7A4F7556}") = "asagiv.datapush.testing", "asagiv.datapush.testing\asagiv.datapush.testing.csproj", "{E6ECEB06-05FC-4A01-B8DA-76A4936A0763}"
EndProject
Project("{9A19103F-16F7-4668-BE54-9A1E7A4F7556}") = "asagiv.common", "..\asagiv.common\asagiv.common\asagiv.common.csproj", "{953267C1-A3C7-4761-94C5-37565578745B}"
EndProject
Global
	GlobalSection(SolutionConfigurationPlatforms) = preSolution
		Debug|Any CPU = Debug|Any CPU
		Debug|ARM = Debug|ARM
		Debug|arm64 = Debug|arm64
		Debug|iPhone = Debug|iPhone
		Debug|iPhoneSimulator = Debug|iPhoneSimulator
		Debug|x64 = Debug|x64
		Debug|x86 = Debug|x86
		Release|Any CPU = Release|Any CPU
		Release|ARM = Release|ARM
		Release|arm64 = Release|arm64
		Release|iPhone = Release|iPhone
		Release|iPhoneSimulator = Release|iPhoneSimulator
		Release|x64 = Release|x64
		Release|x86 = Release|x86
	EndGlobalSection
	GlobalSection(ProjectConfigurationPlatforms) = postSolution
		{318A770C-8675-48C0-997C-4E0B67E2B6BD}.Debug|Any CPU.ActiveCfg = Debug|Any CPU
		{318A770C-8675-48C0-997C-4E0B67E2B6BD}.Debug|Any CPU.Build.0 = Debug|Any CPU
		{318A770C-8675-48C0-997C-4E0B67E2B6BD}.Debug|ARM.ActiveCfg = Debug|Any CPU
		{318A770C-8675-48C0-997C-4E0B67E2B6BD}.Debug|ARM.Build.0 = Debug|Any CPU
		{318A770C-8675-48C0-997C-4E0B67E2B6BD}.Debug|arm64.ActiveCfg = Debug|Any CPU
		{318A770C-8675-48C0-997C-4E0B67E2B6BD}.Debug|arm64.Build.0 = Debug|Any CPU
		{318A770C-8675-48C0-997C-4E0B67E2B6BD}.Debug|iPhone.ActiveCfg = Debug|Any CPU
		{318A770C-8675-48C0-997C-4E0B67E2B6BD}.Debug|iPhone.Build.0 = Debug|Any CPU
		{318A770C-8675-48C0-997C-4E0B67E2B6BD}.Debug|iPhoneSimulator.ActiveCfg = Debug|Any CPU
		{318A770C-8675-48C0-997C-4E0B67E2B6BD}.Debug|iPhoneSimulator.Build.0 = Debug|Any CPU
		{318A770C-8675-48C0-997C-4E0B67E2B6BD}.Debug|x64.ActiveCfg = Debug|Any CPU
		{318A770C-8675-48C0-997C-4E0B67E2B6BD}.Debug|x64.Build.0 = Debug|Any CPU
		{318A770C-8675-48C0-997C-4E0B67E2B6BD}.Debug|x86.ActiveCfg = Debug|Any CPU
		{318A770C-8675-48C0-997C-4E0B67E2B6BD}.Debug|x86.Build.0 = Debug|Any CPU
		{318A770C-8675-48C0-997C-4E0B67E2B6BD}.Release|Any CPU.ActiveCfg = Release|Any CPU
		{318A770C-8675-48C0-997C-4E0B67E2B6BD}.Release|Any CPU.Build.0 = Release|Any CPU
		{318A770C-8675-48C0-997C-4E0B67E2B6BD}.Release|ARM.ActiveCfg = Release|Any CPU
		{318A770C-8675-48C0-997C-4E0B67E2B6BD}.Release|ARM.Build.0 = Release|Any CPU
		{318A770C-8675-48C0-997C-4E0B67E2B6BD}.Release|arm64.ActiveCfg = Release|Any CPU
		{318A770C-8675-48C0-997C-4E0B67E2B6BD}.Release|arm64.Build.0 = Release|Any CPU
		{318A770C-8675-48C0-997C-4E0B67E2B6BD}.Release|iPhone.ActiveCfg = Release|Any CPU
		{318A770C-8675-48C0-997C-4E0B67E2B6BD}.Release|iPhone.Build.0 = Release|Any CPU
		{318A770C-8675-48C0-997C-4E0B67E2B6BD}.Release|iPhoneSimulator.ActiveCfg = Release|Any CPU
		{318A770C-8675-48C0-997C-4E0B67E2B6BD}.Release|iPhoneSimulator.Build.0 = Release|Any CPU
		{318A770C-8675-48C0-997C-4E0B67E2B6BD}.Release|x64.ActiveCfg = Release|Any CPU
		{318A770C-8675-48C0-997C-4E0B67E2B6BD}.Release|x64.Build.0 = Release|Any CPU
		{318A770C-8675-48C0-997C-4E0B67E2B6BD}.Release|x86.ActiveCfg = Release|Any CPU
		{318A770C-8675-48C0-997C-4E0B67E2B6BD}.Release|x86.Build.0 = Release|Any CPU
		{A4305D51-99FE-4CA8-8BF6-66AA0303E7D1}.Debug|Any CPU.ActiveCfg = Debug|Any CPU
		{A4305D51-99FE-4CA8-8BF6-66AA0303E7D1}.Debug|Any CPU.Build.0 = Debug|Any CPU
		{A4305D51-99FE-4CA8-8BF6-66AA0303E7D1}.Debug|ARM.ActiveCfg = Debug|Any CPU
		{A4305D51-99FE-4CA8-8BF6-66AA0303E7D1}.Debug|ARM.Build.0 = Debug|Any CPU
		{A4305D51-99FE-4CA8-8BF6-66AA0303E7D1}.Debug|arm64.ActiveCfg = Debug|Any CPU
		{A4305D51-99FE-4CA8-8BF6-66AA0303E7D1}.Debug|arm64.Build.0 = Debug|Any CPU
		{A4305D51-99FE-4CA8-8BF6-66AA0303E7D1}.Debug|iPhone.ActiveCfg = Debug|Any CPU
		{A4305D51-99FE-4CA8-8BF6-66AA0303E7D1}.Debug|iPhone.Build.0 = Debug|Any CPU
		{A4305D51-99FE-4CA8-8BF6-66AA0303E7D1}.Debug|iPhoneSimulator.ActiveCfg = Debug|Any CPU
		{A4305D51-99FE-4CA8-8BF6-66AA0303E7D1}.Debug|iPhoneSimulator.Build.0 = Debug|Any CPU
		{A4305D51-99FE-4CA8-8BF6-66AA0303E7D1}.Debug|x64.ActiveCfg = Debug|Any CPU
		{A4305D51-99FE-4CA8-8BF6-66AA0303E7D1}.Debug|x64.Build.0 = Debug|Any CPU
		{A4305D51-99FE-4CA8-8BF6-66AA0303E7D1}.Debug|x86.ActiveCfg = Debug|Any CPU
		{A4305D51-99FE-4CA8-8BF6-66AA0303E7D1}.Debug|x86.Build.0 = Debug|Any CPU
		{A4305D51-99FE-4CA8-8BF6-66AA0303E7D1}.Release|Any CPU.ActiveCfg = Release|Any CPU
		{A4305D51-99FE-4CA8-8BF6-66AA0303E7D1}.Release|Any CPU.Build.0 = Release|Any CPU
		{A4305D51-99FE-4CA8-8BF6-66AA0303E7D1}.Release|ARM.ActiveCfg = Release|Any CPU
		{A4305D51-99FE-4CA8-8BF6-66AA0303E7D1}.Release|ARM.Build.0 = Release|Any CPU
		{A4305D51-99FE-4CA8-8BF6-66AA0303E7D1}.Release|arm64.ActiveCfg = Release|Any CPU
		{A4305D51-99FE-4CA8-8BF6-66AA0303E7D1}.Release|arm64.Build.0 = Release|Any CPU
		{A4305D51-99FE-4CA8-8BF6-66AA0303E7D1}.Release|iPhone.ActiveCfg = Release|Any CPU
		{A4305D51-99FE-4CA8-8BF6-66AA0303E7D1}.Release|iPhone.Build.0 = Release|Any CPU
		{A4305D51-99FE-4CA8-8BF6-66AA0303E7D1}.Release|iPhoneSimulator.ActiveCfg = Release|Any CPU
		{A4305D51-99FE-4CA8-8BF6-66AA0303E7D1}.Release|iPhoneSimulator.Build.0 = Release|Any CPU
		{A4305D51-99FE-4CA8-8BF6-66AA0303E7D1}.Release|x64.ActiveCfg = Release|Any CPU
		{A4305D51-99FE-4CA8-8BF6-66AA0303E7D1}.Release|x64.Build.0 = Release|Any CPU
		{A4305D51-99FE-4CA8-8BF6-66AA0303E7D1}.Release|x86.ActiveCfg = Release|Any CPU
		{A4305D51-99FE-4CA8-8BF6-66AA0303E7D1}.Release|x86.Build.0 = Release|Any CPU
		{047E2421-2987-41C5-B69D-0B8788B29826}.Debug|Any CPU.ActiveCfg = Debug|Any CPU
		{047E2421-2987-41C5-B69D-0B8788B29826}.Debug|Any CPU.Build.0 = Debug|Any CPU
		{047E2421-2987-41C5-B69D-0B8788B29826}.Debug|ARM.ActiveCfg = Debug|Any CPU
		{047E2421-2987-41C5-B69D-0B8788B29826}.Debug|ARM.Build.0 = Debug|Any CPU
		{047E2421-2987-41C5-B69D-0B8788B29826}.Debug|arm64.ActiveCfg = Debug|Any CPU
		{047E2421-2987-41C5-B69D-0B8788B29826}.Debug|arm64.Build.0 = Debug|Any CPU
		{047E2421-2987-41C5-B69D-0B8788B29826}.Debug|iPhone.ActiveCfg = Debug|Any CPU
		{047E2421-2987-41C5-B69D-0B8788B29826}.Debug|iPhone.Build.0 = Debug|Any CPU
		{047E2421-2987-41C5-B69D-0B8788B29826}.Debug|iPhoneSimulator.ActiveCfg = Debug|Any CPU
		{047E2421-2987-41C5-B69D-0B8788B29826}.Debug|iPhoneSimulator.Build.0 = Debug|Any CPU
		{047E2421-2987-41C5-B69D-0B8788B29826}.Debug|x64.ActiveCfg = Debug|Any CPU
		{047E2421-2987-41C5-B69D-0B8788B29826}.Debug|x64.Build.0 = Debug|Any CPU
		{047E2421-2987-41C5-B69D-0B8788B29826}.Debug|x86.ActiveCfg = Debug|Any CPU
		{047E2421-2987-41C5-B69D-0B8788B29826}.Debug|x86.Build.0 = Debug|Any CPU
		{047E2421-2987-41C5-B69D-0B8788B29826}.Release|Any CPU.ActiveCfg = Release|Any CPU
		{047E2421-2987-41C5-B69D-0B8788B29826}.Release|Any CPU.Build.0 = Release|Any CPU
		{047E2421-2987-41C5-B69D-0B8788B29826}.Release|ARM.ActiveCfg = Release|Any CPU
		{047E2421-2987-41C5-B69D-0B8788B29826}.Release|ARM.Build.0 = Release|Any CPU
		{047E2421-2987-41C5-B69D-0B8788B29826}.Release|arm64.ActiveCfg = Release|Any CPU
		{047E2421-2987-41C5-B69D-0B8788B29826}.Release|arm64.Build.0 = Release|Any CPU
		{047E2421-2987-41C5-B69D-0B8788B29826}.Release|iPhone.ActiveCfg = Release|Any CPU
		{047E2421-2987-41C5-B69D-0B8788B29826}.Release|iPhone.Build.0 = Release|Any CPU
		{047E2421-2987-41C5-B69D-0B8788B29826}.Release|iPhoneSimulator.ActiveCfg = Release|Any CPU
		{047E2421-2987-41C5-B69D-0B8788B29826}.Release|iPhoneSimulator.Build.0 = Release|Any CPU
		{047E2421-2987-41C5-B69D-0B8788B29826}.Release|x64.ActiveCfg = Release|Any CPU
		{047E2421-2987-41C5-B69D-0B8788B29826}.Release|x64.Build.0 = Release|Any CPU
		{047E2421-2987-41C5-B69D-0B8788B29826}.Release|x86.ActiveCfg = Release|Any CPU
		{047E2421-2987-41C5-B69D-0B8788B29826}.Release|x86.Build.0 = Release|Any CPU
		{37450182-9529-4940-AC87-67D3E6FC0958}.Debug|Any CPU.ActiveCfg = Debug|Any CPU
		{37450182-9529-4940-AC87-67D3E6FC0958}.Debug|Any CPU.Build.0 = Debug|Any CPU
		{37450182-9529-4940-AC87-67D3E6FC0958}.Debug|ARM.ActiveCfg = Debug|Any CPU
		{37450182-9529-4940-AC87-67D3E6FC0958}.Debug|ARM.Build.0 = Debug|Any CPU
		{37450182-9529-4940-AC87-67D3E6FC0958}.Debug|arm64.ActiveCfg = Debug|Any CPU
		{37450182-9529-4940-AC87-67D3E6FC0958}.Debug|arm64.Build.0 = Debug|Any CPU
		{37450182-9529-4940-AC87-67D3E6FC0958}.Debug|iPhone.ActiveCfg = Debug|Any CPU
		{37450182-9529-4940-AC87-67D3E6FC0958}.Debug|iPhone.Build.0 = Debug|Any CPU
		{37450182-9529-4940-AC87-67D3E6FC0958}.Debug|iPhoneSimulator.ActiveCfg = Debug|Any CPU
		{37450182-9529-4940-AC87-67D3E6FC0958}.Debug|iPhoneSimulator.Build.0 = Debug|Any CPU
		{37450182-9529-4940-AC87-67D3E6FC0958}.Debug|x64.ActiveCfg = Debug|Any CPU
		{37450182-9529-4940-AC87-67D3E6FC0958}.Debug|x64.Build.0 = Debug|Any CPU
		{37450182-9529-4940-AC87-67D3E6FC0958}.Debug|x86.ActiveCfg = Debug|Any CPU
		{37450182-9529-4940-AC87-67D3E6FC0958}.Debug|x86.Build.0 = Debug|Any CPU
		{37450182-9529-4940-AC87-67D3E6FC0958}.Release|Any CPU.ActiveCfg = Release|Any CPU
		{37450182-9529-4940-AC87-67D3E6FC0958}.Release|Any CPU.Build.0 = Release|Any CPU
		{37450182-9529-4940-AC87-67D3E6FC0958}.Release|ARM.ActiveCfg = Release|Any CPU
		{37450182-9529-4940-AC87-67D3E6FC0958}.Release|ARM.Build.0 = Release|Any CPU
		{37450182-9529-4940-AC87-67D3E6FC0958}.Release|arm64.ActiveCfg = Release|Any CPU
		{37450182-9529-4940-AC87-67D3E6FC0958}.Release|arm64.Build.0 = Release|Any CPU
		{37450182-9529-4940-AC87-67D3E6FC0958}.Release|iPhone.ActiveCfg = Release|Any CPU
		{37450182-9529-4940-AC87-67D3E6FC0958}.Release|iPhone.Build.0 = Release|Any CPU
		{37450182-9529-4940-AC87-67D3E6FC0958}.Release|iPhoneSimulator.ActiveCfg = Release|Any CPU
		{37450182-9529-4940-AC87-67D3E6FC0958}.Release|iPhoneSimulator.Build.0 = Release|Any CPU
		{37450182-9529-4940-AC87-67D3E6FC0958}.Release|x64.ActiveCfg = Release|Any CPU
		{37450182-9529-4940-AC87-67D3E6FC0958}.Release|x64.Build.0 = Release|Any CPU
		{37450182-9529-4940-AC87-67D3E6FC0958}.Release|x86.ActiveCfg = Release|Any CPU
		{37450182-9529-4940-AC87-67D3E6FC0958}.Release|x86.Build.0 = Release|Any CPU
		{E6ECEB06-05FC-4A01-B8DA-76A4936A0763}.Debug|Any CPU.ActiveCfg = Debug|Any CPU
		{E6ECEB06-05FC-4A01-B8DA-76A4936A0763}.Debug|Any CPU.Build.0 = Debug|Any CPU
		{E6ECEB06-05FC-4A01-B8DA-76A4936A0763}.Debug|ARM.ActiveCfg = Debug|Any CPU
		{E6ECEB06-05FC-4A01-B8DA-76A4936A0763}.Debug|ARM.Build.0 = Debug|Any CPU
		{E6ECEB06-05FC-4A01-B8DA-76A4936A0763}.Debug|arm64.ActiveCfg = Debug|Any CPU
		{E6ECEB06-05FC-4A01-B8DA-76A4936A0763}.Debug|arm64.Build.0 = Debug|Any CPU
		{E6ECEB06-05FC-4A01-B8DA-76A4936A0763}.Debug|iPhone.ActiveCfg = Debug|Any CPU
		{E6ECEB06-05FC-4A01-B8DA-76A4936A0763}.Debug|iPhone.Build.0 = Debug|Any CPU
		{E6ECEB06-05FC-4A01-B8DA-76A4936A0763}.Debug|iPhoneSimulator.ActiveCfg = Debug|Any CPU
		{E6ECEB06-05FC-4A01-B8DA-76A4936A0763}.Debug|iPhoneSimulator.Build.0 = Debug|Any CPU
		{E6ECEB06-05FC-4A01-B8DA-76A4936A0763}.Debug|x64.ActiveCfg = Debug|Any CPU
		{E6ECEB06-05FC-4A01-B8DA-76A4936A0763}.Debug|x64.Build.0 = Debug|Any CPU
		{E6ECEB06-05FC-4A01-B8DA-76A4936A0763}.Debug|x86.ActiveCfg = Debug|Any CPU
		{E6ECEB06-05FC-4A01-B8DA-76A4936A0763}.Debug|x86.Build.0 = Debug|Any CPU
		{E6ECEB06-05FC-4A01-B8DA-76A4936A0763}.Release|Any CPU.ActiveCfg = Release|Any CPU
		{E6ECEB06-05FC-4A01-B8DA-76A4936A0763}.Release|Any CPU.Build.0 = Release|Any CPU
		{E6ECEB06-05FC-4A01-B8DA-76A4936A0763}.Release|ARM.ActiveCfg = Release|Any CPU
		{E6ECEB06-05FC-4A01-B8DA-76A4936A0763}.Release|ARM.Build.0 = Release|Any CPU
		{E6ECEB06-05FC-4A01-B8DA-76A4936A0763}.Release|arm64.ActiveCfg = Release|Any CPU
		{E6ECEB06-05FC-4A01-B8DA-76A4936A0763}.Release|arm64.Build.0 = Release|Any CPU
		{E6ECEB06-05FC-4A01-B8DA-76A4936A0763}.Release|iPhone.ActiveCfg = Release|Any CPU
		{E6ECEB06-05FC-4A01-B8DA-76A4936A0763}.Release|iPhone.Build.0 = Release|Any CPU
		{E6ECEB06-05FC-4A01-B8DA-76A4936A0763}.Release|iPhoneSimulator.ActiveCfg = Release|Any CPU
		{E6ECEB06-05FC-4A01-B8DA-76A4936A0763}.Release|iPhoneSimulator.Build.0 = Release|Any CPU
		{E6ECEB06-05FC-4A01-B8DA-76A4936A0763}.Release|x64.ActiveCfg = Release|Any CPU
		{E6ECEB06-05FC-4A01-B8DA-76A4936A0763}.Release|x64.Build.0 = Release|Any CPU
		{E6ECEB06-05FC-4A01-B8DA-76A4936A0763}.Release|x86.ActiveCfg = Release|Any CPU
		{E6ECEB06-05FC-4A01-B8DA-76A4936A0763}.Release|x86.Build.0 = Release|Any CPU
		{953267C1-A3C7-4761-94C5-37565578745B}.Debug|Any CPU.ActiveCfg = Debug|Any CPU
		{953267C1-A3C7-4761-94C5-37565578745B}.Debug|Any CPU.Build.0 = Debug|Any CPU
		{953267C1-A3C7-4761-94C5-37565578745B}.Debug|ARM.ActiveCfg = Debug|Any CPU
		{953267C1-A3C7-4761-94C5-37565578745B}.Debug|ARM.Build.0 = Debug|Any CPU
		{953267C1-A3C7-4761-94C5-37565578745B}.Debug|arm64.ActiveCfg = Debug|Any CPU
		{953267C1-A3C7-4761-94C5-37565578745B}.Debug|arm64.Build.0 = Debug|Any CPU
		{953267C1-A3C7-4761-94C5-37565578745B}.Debug|iPhone.ActiveCfg = Debug|Any CPU
		{953267C1-A3C7-4761-94C5-37565578745B}.Debug|iPhone.Build.0 = Debug|Any CPU
		{953267C1-A3C7-4761-94C5-37565578745B}.Debug|iPhoneSimulator.ActiveCfg = Debug|Any CPU
		{953267C1-A3C7-4761-94C5-37565578745B}.Debug|iPhoneSimulator.Build.0 = Debug|Any CPU
		{953267C1-A3C7-4761-94C5-37565578745B}.Debug|x64.ActiveCfg = Debug|Any CPU
		{953267C1-A3C7-4761-94C5-37565578745B}.Debug|x64.Build.0 = Debug|Any CPU
		{953267C1-A3C7-4761-94C5-37565578745B}.Debug|x86.ActiveCfg = Debug|Any CPU
		{953267C1-A3C7-4761-94C5-37565578745B}.Debug|x86.Build.0 = Debug|Any CPU
		{953267C1-A3C7-4761-94C5-37565578745B}.Release|Any CPU.ActiveCfg = Release|Any CPU
		{953267C1-A3C7-4761-94C5-37565578745B}.Release|Any CPU.Build.0 = Release|Any CPU
		{953267C1-A3C7-4761-94C5-37565578745B}.Release|ARM.ActiveCfg = Release|Any CPU
		{953267C1-A3C7-4761-94C5-37565578745B}.Release|ARM.Build.0 = Release|Any CPU
		{953267C1-A3C7-4761-94C5-37565578745B}.Release|arm64.ActiveCfg = Release|Any CPU
		{953267C1-A3C7-4761-94C5-37565578745B}.Release|arm64.Build.0 = Release|Any CPU
		{953267C1-A3C7-4761-94C5-37565578745B}.Release|iPhone.ActiveCfg = Release|Any CPU
		{953267C1-A3C7-4761-94C5-37565578745B}.Release|iPhone.Build.0 = Release|Any CPU
		{953267C1-A3C7-4761-94C5-37565578745B}.Release|iPhoneSimulator.ActiveCfg = Release|Any CPU
		{953267C1-A3C7-4761-94C5-37565578745B}.Release|iPhoneSimulator.Build.0 = Release|Any CPU
		{953267C1-A3C7-4761-94C5-37565578745B}.Release|x64.ActiveCfg = Release|Any CPU
		{953267C1-A3C7-4761-94C5-37565578745B}.Release|x64.Build.0 = Release|Any CPU
		{953267C1-A3C7-4761-94C5-37565578745B}.Release|x86.ActiveCfg = Release|Any CPU
		{953267C1-A3C7-4761-94C5-37565578745B}.Release|x86.Build.0 = Release|Any CPU
	EndGlobalSection
	GlobalSection(SolutionProperties) = preSolution
		HideSolutionNode = FALSE
	EndGlobalSection
	GlobalSection(ExtensibilityGlobals) = postSolution
		SolutionGuid = {9F90DFCB-42D8-4413-9563-D7188004CD7E}
	EndGlobalSection
EndGlobal
