
Microsoft Visual Studio Solution File, Format Version 12.00
# Visual Studio Version 17
VisualStudioVersion = 17.2.32408.312
MinimumVisualStudioVersion = 10.0.40219.1
Project("{9A19103F-16F7-4668-BE54-9A1E7A4F7556}") = "asagiv.pushrocket.common", "asagiv.pushrocket.common\asagiv.pushrocket.common.csproj", "{318A770C-8675-48C0-997C-4E0B67E2B6BD}"
EndProject
Project("{9A19103F-16F7-4668-BE54-9A1E7A4F7556}") = "asagiv.pushrocket.server.common", "asagiv.pushrocket.server.common\asagiv.pushrocket.server.common.csproj", "{A4305D51-99FE-4CA8-8BF6-66AA0303E7D1}"
EndProject
Project("{9A19103F-16F7-4668-BE54-9A1E7A4F7556}") = "asagiv.pushrocket.winservice", "asagiv.pushrocket.winservice\asagiv.pushrocket.winservice.csproj", "{047E2421-2987-41C5-B69D-0B8788B29826}"
EndProject
Project("{9A19103F-16F7-4668-BE54-9A1E7A4F7556}") = "asagiv.pushrocket.testing", "asagiv.pushrocket.testing\asagiv.pushrocket.testing.csproj", "{E6ECEB06-05FC-4A01-B8DA-76A4936A0763}"
EndProject
Project("{9A19103F-16F7-4668-BE54-9A1E7A4F7556}") = "asagiv.pushrocket.grpcserver", "asagiv.pushrocket.grpcserver\asagiv.pushrocket.grpcserver.csproj", "{8777EA4F-A17C-4D44-9281-C543DFD6EE45}"
EndProject
Project("{9A19103F-16F7-4668-BE54-9A1E7A4F7556}") = "asagiv.pushrocket.consolediagnostics", "asagiv.pushrocket.consolediagnostics\asagiv.pushrocket.consolediagnostics.csproj", "{A0B3BFDE-DE29-4F2A-98CE-26805A733A17}"
EndProject
Project("{9A19103F-16F7-4668-BE54-9A1E7A4F7556}") = "asagiv.pushrocket.ui", "asagiv.pushrocket.ui\asagiv.pushrocket.ui.csproj", "{09E8A884-22D8-4E58-B2F5-81EE3DC9538C}"
EndProject
Project("{FAE04EC0-301F-11D3-BF4B-00C04F79EFBC}") = "asagiv.pushrocket.ui.common", "asagiv.pushrocket.ui.common\asagiv.pushrocket.ui.common.csproj", "{ABDC0F4F-2818-4EFA-B683-FC3A5DE61311}"
EndProject
Global
	GlobalSection(SolutionConfigurationPlatforms) = preSolution
		Debug|Any CPU = Debug|Any CPU
		Debug|ARM = Debug|ARM
		Debug|arm64 = Debug|arm64
		Debug|iPhone = Debug|iPhone
		Debug|iPhoneSimulator = Debug|iPhoneSimulator
		Debug|x64 = Debug|x64
		Debug|x86 = Debug|x86
		Release|Any CPU = Release|Any CPU
		Release|ARM = Release|ARM
		Release|arm64 = Release|arm64
		Release|iPhone = Release|iPhone
		Release|iPhoneSimulator = Release|iPhoneSimulator
		Release|x64 = Release|x64
		Release|x86 = Release|x86
	EndGlobalSection
	GlobalSection(ProjectConfigurationPlatforms) = postSolution
		{318A770C-8675-48C0-997C-4E0B67E2B6BD}.Debug|Any CPU.ActiveCfg = Debug|Any CPU
		{318A770C-8675-48C0-997C-4E0B67E2B6BD}.Debug|Any CPU.Build.0 = Debug|Any CPU
		{318A770C-8675-48C0-997C-4E0B67E2B6BD}.Debug|ARM.ActiveCfg = Debug|Any CPU
		{318A770C-8675-48C0-997C-4E0B67E2B6BD}.Debug|ARM.Build.0 = Debug|Any CPU
		{318A770C-8675-48C0-997C-4E0B67E2B6BD}.Debug|arm64.ActiveCfg = Debug|Any CPU
		{318A770C-8675-48C0-997C-4E0B67E2B6BD}.Debug|arm64.Build.0 = Debug|Any CPU
		{318A770C-8675-48C0-997C-4E0B67E2B6BD}.Debug|iPhone.ActiveCfg = Debug|Any CPU
		{318A770C-8675-48C0-997C-4E0B67E2B6BD}.Debug|iPhone.Build.0 = Debug|Any CPU
		{318A770C-8675-48C0-997C-4E0B67E2B6BD}.Debug|iPhoneSimulator.ActiveCfg = Debug|Any CPU
		{318A770C-8675-48C0-997C-4E0B67E2B6BD}.Debug|iPhoneSimulator.Build.0 = Debug|Any CPU
		{318A770C-8675-48C0-997C-4E0B67E2B6BD}.Debug|x64.ActiveCfg = Debug|Any CPU
		{318A770C-8675-48C0-997C-4E0B67E2B6BD}.Debug|x64.Build.0 = Debug|Any CPU
		{318A770C-8675-48C0-997C-4E0B67E2B6BD}.Debug|x86.ActiveCfg = Debug|Any CPU
		{318A770C-8675-48C0-997C-4E0B67E2B6BD}.Debug|x86.Build.0 = Debug|Any CPU
		{318A770C-8675-48C0-997C-4E0B67E2B6BD}.Release|Any CPU.ActiveCfg = Release|Any CPU
		{318A770C-8675-48C0-997C-4E0B67E2B6BD}.Release|Any CPU.Build.0 = Release|Any CPU
		{318A770C-8675-48C0-997C-4E0B67E2B6BD}.Release|ARM.ActiveCfg = Release|Any CPU
		{318A770C-8675-48C0-997C-4E0B67E2B6BD}.Release|ARM.Build.0 = Release|Any CPU
		{318A770C-8675-48C0-997C-4E0B67E2B6BD}.Release|arm64.ActiveCfg = Release|Any CPU
		{318A770C-8675-48C0-997C-4E0B67E2B6BD}.Release|arm64.Build.0 = Release|Any CPU
		{318A770C-8675-48C0-997C-4E0B67E2B6BD}.Release|iPhone.ActiveCfg = Release|Any CPU
		{318A770C-8675-48C0-997C-4E0B67E2B6BD}.Release|iPhone.Build.0 = Release|Any CPU
		{318A770C-8675-48C0-997C-4E0B67E2B6BD}.Release|iPhoneSimulator.ActiveCfg = Release|Any CPU
		{318A770C-8675-48C0-997C-4E0B67E2B6BD}.Release|iPhoneSimulator.Build.0 = Release|Any CPU
		{318A770C-8675-48C0-997C-4E0B67E2B6BD}.Release|x64.ActiveCfg = Release|Any CPU
		{318A770C-8675-48C0-997C-4E0B67E2B6BD}.Release|x64.Build.0 = Release|Any CPU
		{318A770C-8675-48C0-997C-4E0B67E2B6BD}.Release|x86.ActiveCfg = Release|Any CPU
		{318A770C-8675-48C0-997C-4E0B67E2B6BD}.Release|x86.Build.0 = Release|Any CPU
		{A4305D51-99FE-4CA8-8BF6-66AA0303E7D1}.Debug|Any CPU.ActiveCfg = Debug|Any CPU
		{A4305D51-99FE-4CA8-8BF6-66AA0303E7D1}.Debug|Any CPU.Build.0 = Debug|Any CPU
		{A4305D51-99FE-4CA8-8BF6-66AA0303E7D1}.Debug|ARM.ActiveCfg = Debug|Any CPU
		{A4305D51-99FE-4CA8-8BF6-66AA0303E7D1}.Debug|ARM.Build.0 = Debug|Any CPU
		{A4305D51-99FE-4CA8-8BF6-66AA0303E7D1}.Debug|arm64.ActiveCfg = Debug|Any CPU
		{A4305D51-99FE-4CA8-8BF6-66AA0303E7D1}.Debug|arm64.Build.0 = Debug|Any CPU
		{A4305D51-99FE-4CA8-8BF6-66AA0303E7D1}.Debug|iPhone.ActiveCfg = Debug|Any CPU
		{A4305D51-99FE-4CA8-8BF6-66AA0303E7D1}.Debug|iPhone.Build.0 = Debug|Any CPU
		{A4305D51-99FE-4CA8-8BF6-66AA0303E7D1}.Debug|iPhoneSimulator.ActiveCfg = Debug|Any CPU
		{A4305D51-99FE-4CA8-8BF6-66AA0303E7D1}.Debug|iPhoneSimulator.Build.0 = Debug|Any CPU
		{A4305D51-99FE-4CA8-8BF6-66AA0303E7D1}.Debug|x64.ActiveCfg = Debug|Any CPU
		{A4305D51-99FE-4CA8-8BF6-66AA0303E7D1}.Debug|x64.Build.0 = Debug|Any CPU
		{A4305D51-99FE-4CA8-8BF6-66AA0303E7D1}.Debug|x86.ActiveCfg = Debug|Any CPU
		{A4305D51-99FE-4CA8-8BF6-66AA0303E7D1}.Debug|x86.Build.0 = Debug|Any CPU
		{A4305D51-99FE-4CA8-8BF6-66AA0303E7D1}.Release|Any CPU.ActiveCfg = Release|Any CPU
		{A4305D51-99FE-4CA8-8BF6-66AA0303E7D1}.Release|Any CPU.Build.0 = Release|Any CPU
		{A4305D51-99FE-4CA8-8BF6-66AA0303E7D1}.Release|ARM.ActiveCfg = Release|Any CPU
		{A4305D51-99FE-4CA8-8BF6-66AA0303E7D1}.Release|ARM.Build.0 = Release|Any CPU
		{A4305D51-99FE-4CA8-8BF6-66AA0303E7D1}.Release|arm64.ActiveCfg = Release|Any CPU
		{A4305D51-99FE-4CA8-8BF6-66AA0303E7D1}.Release|arm64.Build.0 = Release|Any CPU
		{A4305D51-99FE-4CA8-8BF6-66AA0303E7D1}.Release|iPhone.ActiveCfg = Release|Any CPU
		{A4305D51-99FE-4CA8-8BF6-66AA0303E7D1}.Release|iPhone.Build.0 = Release|Any CPU
		{A4305D51-99FE-4CA8-8BF6-66AA0303E7D1}.Release|iPhoneSimulator.ActiveCfg = Release|Any CPU
		{A4305D51-99FE-4CA8-8BF6-66AA0303E7D1}.Release|iPhoneSimulator.Build.0 = Release|Any CPU
		{A4305D51-99FE-4CA8-8BF6-66AA0303E7D1}.Release|x64.ActiveCfg = Release|Any CPU
		{A4305D51-99FE-4CA8-8BF6-66AA0303E7D1}.Release|x64.Build.0 = Release|Any CPU
		{A4305D51-99FE-4CA8-8BF6-66AA0303E7D1}.Release|x86.ActiveCfg = Release|Any CPU
		{A4305D51-99FE-4CA8-8BF6-66AA0303E7D1}.Release|x86.Build.0 = Release|Any CPU
		{047E2421-2987-41C5-B69D-0B8788B29826}.Debug|Any CPU.ActiveCfg = Debug|Any CPU
		{047E2421-2987-41C5-B69D-0B8788B29826}.Debug|Any CPU.Build.0 = Debug|Any CPU
		{047E2421-2987-41C5-B69D-0B8788B29826}.Debug|ARM.ActiveCfg = Debug|Any CPU
		{047E2421-2987-41C5-B69D-0B8788B29826}.Debug|ARM.Build.0 = Debug|Any CPU
		{047E2421-2987-41C5-B69D-0B8788B29826}.Debug|arm64.ActiveCfg = Debug|Any CPU
		{047E2421-2987-41C5-B69D-0B8788B29826}.Debug|arm64.Build.0 = Debug|Any CPU
		{047E2421-2987-41C5-B69D-0B8788B29826}.Debug|iPhone.ActiveCfg = Debug|Any CPU
		{047E2421-2987-41C5-B69D-0B8788B29826}.Debug|iPhone.Build.0 = Debug|Any CPU
		{047E2421-2987-41C5-B69D-0B8788B29826}.Debug|iPhoneSimulator.ActiveCfg = Debug|Any CPU
		{047E2421-2987-41C5-B69D-0B8788B29826}.Debug|iPhoneSimulator.Build.0 = Debug|Any CPU
		{047E2421-2987-41C5-B69D-0B8788B29826}.Debug|x64.ActiveCfg = Debug|Any CPU
		{047E2421-2987-41C5-B69D-0B8788B29826}.Debug|x64.Build.0 = Debug|Any CPU
		{047E2421-2987-41C5-B69D-0B8788B29826}.Debug|x86.ActiveCfg = Debug|Any CPU
		{047E2421-2987-41C5-B69D-0B8788B29826}.Debug|x86.Build.0 = Debug|Any CPU
		{047E2421-2987-41C5-B69D-0B8788B29826}.Release|Any CPU.ActiveCfg = Release|Any CPU
		{047E2421-2987-41C5-B69D-0B8788B29826}.Release|Any CPU.Build.0 = Release|Any CPU
		{047E2421-2987-41C5-B69D-0B8788B29826}.Release|ARM.ActiveCfg = Release|Any CPU
		{047E2421-2987-41C5-B69D-0B8788B29826}.Release|ARM.Build.0 = Release|Any CPU
		{047E2421-2987-41C5-B69D-0B8788B29826}.Release|arm64.ActiveCfg = Release|Any CPU
		{047E2421-2987-41C5-B69D-0B8788B29826}.Release|arm64.Build.0 = Release|Any CPU
		{047E2421-2987-41C5-B69D-0B8788B29826}.Release|iPhone.ActiveCfg = Release|Any CPU
		{047E2421-2987-41C5-B69D-0B8788B29826}.Release|iPhone.Build.0 = Release|Any CPU
		{047E2421-2987-41C5-B69D-0B8788B29826}.Release|iPhoneSimulator.ActiveCfg = Release|Any CPU
		{047E2421-2987-41C5-B69D-0B8788B29826}.Release|iPhoneSimulator.Build.0 = Release|Any CPU
		{047E2421-2987-41C5-B69D-0B8788B29826}.Release|x64.ActiveCfg = Release|Any CPU
		{047E2421-2987-41C5-B69D-0B8788B29826}.Release|x64.Build.0 = Release|Any CPU
		{047E2421-2987-41C5-B69D-0B8788B29826}.Release|x86.ActiveCfg = Release|Any CPU
		{047E2421-2987-41C5-B69D-0B8788B29826}.Release|x86.Build.0 = Release|Any CPU
		{E6ECEB06-05FC-4A01-B8DA-76A4936A0763}.Debug|Any CPU.ActiveCfg = Debug|Any CPU
		{E6ECEB06-05FC-4A01-B8DA-76A4936A0763}.Debug|Any CPU.Build.0 = Debug|Any CPU
		{E6ECEB06-05FC-4A01-B8DA-76A4936A0763}.Debug|ARM.ActiveCfg = Debug|Any CPU
		{E6ECEB06-05FC-4A01-B8DA-76A4936A0763}.Debug|ARM.Build.0 = Debug|Any CPU
		{E6ECEB06-05FC-4A01-B8DA-76A4936A0763}.Debug|arm64.ActiveCfg = Debug|Any CPU
		{E6ECEB06-05FC-4A01-B8DA-76A4936A0763}.Debug|arm64.Build.0 = Debug|Any CPU
		{E6ECEB06-05FC-4A01-B8DA-76A4936A0763}.Debug|iPhone.ActiveCfg = Debug|Any CPU
		{E6ECEB06-05FC-4A01-B8DA-76A4936A0763}.Debug|iPhone.Build.0 = Debug|Any CPU
		{E6ECEB06-05FC-4A01-B8DA-76A4936A0763}.Debug|iPhoneSimulator.ActiveCfg = Debug|Any CPU
		{E6ECEB06-05FC-4A01-B8DA-76A4936A0763}.Debug|iPhoneSimulator.Build.0 = Debug|Any CPU
		{E6ECEB06-05FC-4A01-B8DA-76A4936A0763}.Debug|x64.ActiveCfg = Debug|Any CPU
		{E6ECEB06-05FC-4A01-B8DA-76A4936A0763}.Debug|x64.Build.0 = Debug|Any CPU
		{E6ECEB06-05FC-4A01-B8DA-76A4936A0763}.Debug|x86.ActiveCfg = Debug|Any CPU
		{E6ECEB06-05FC-4A01-B8DA-76A4936A0763}.Debug|x86.Build.0 = Debug|Any CPU
		{E6ECEB06-05FC-4A01-B8DA-76A4936A0763}.Release|Any CPU.ActiveCfg = Release|Any CPU
		{E6ECEB06-05FC-4A01-B8DA-76A4936A0763}.Release|Any CPU.Build.0 = Release|Any CPU
		{E6ECEB06-05FC-4A01-B8DA-76A4936A0763}.Release|ARM.ActiveCfg = Release|Any CPU
		{E6ECEB06-05FC-4A01-B8DA-76A4936A0763}.Release|ARM.Build.0 = Release|Any CPU
		{E6ECEB06-05FC-4A01-B8DA-76A4936A0763}.Release|arm64.ActiveCfg = Release|Any CPU
		{E6ECEB06-05FC-4A01-B8DA-76A4936A0763}.Release|arm64.Build.0 = Release|Any CPU
		{E6ECEB06-05FC-4A01-B8DA-76A4936A0763}.Release|iPhone.ActiveCfg = Release|Any CPU
		{E6ECEB06-05FC-4A01-B8DA-76A4936A0763}.Release|iPhone.Build.0 = Release|Any CPU
		{E6ECEB06-05FC-4A01-B8DA-76A4936A0763}.Release|iPhoneSimulator.ActiveCfg = Release|Any CPU
		{E6ECEB06-05FC-4A01-B8DA-76A4936A0763}.Release|iPhoneSimulator.Build.0 = Release|Any CPU
		{E6ECEB06-05FC-4A01-B8DA-76A4936A0763}.Release|x64.ActiveCfg = Release|Any CPU
		{E6ECEB06-05FC-4A01-B8DA-76A4936A0763}.Release|x64.Build.0 = Release|Any CPU
		{E6ECEB06-05FC-4A01-B8DA-76A4936A0763}.Release|x86.ActiveCfg = Release|Any CPU
		{E6ECEB06-05FC-4A01-B8DA-76A4936A0763}.Release|x86.Build.0 = Release|Any CPU
		{8777EA4F-A17C-4D44-9281-C543DFD6EE45}.Debug|Any CPU.ActiveCfg = Debug|Any CPU
		{8777EA4F-A17C-4D44-9281-C543DFD6EE45}.Debug|Any CPU.Build.0 = Debug|Any CPU
		{8777EA4F-A17C-4D44-9281-C543DFD6EE45}.Debug|ARM.ActiveCfg = Debug|Any CPU
		{8777EA4F-A17C-4D44-9281-C543DFD6EE45}.Debug|ARM.Build.0 = Debug|Any CPU
		{8777EA4F-A17C-4D44-9281-C543DFD6EE45}.Debug|arm64.ActiveCfg = Debug|Any CPU
		{8777EA4F-A17C-4D44-9281-C543DFD6EE45}.Debug|arm64.Build.0 = Debug|Any CPU
		{8777EA4F-A17C-4D44-9281-C543DFD6EE45}.Debug|iPhone.ActiveCfg = Debug|Any CPU
		{8777EA4F-A17C-4D44-9281-C543DFD6EE45}.Debug|iPhone.Build.0 = Debug|Any CPU
		{8777EA4F-A17C-4D44-9281-C543DFD6EE45}.Debug|iPhoneSimulator.ActiveCfg = Debug|Any CPU
		{8777EA4F-A17C-4D44-9281-C543DFD6EE45}.Debug|iPhoneSimulator.Build.0 = Debug|Any CPU
		{8777EA4F-A17C-4D44-9281-C543DFD6EE45}.Debug|x64.ActiveCfg = Debug|Any CPU
		{8777EA4F-A17C-4D44-9281-C543DFD6EE45}.Debug|x64.Build.0 = Debug|Any CPU
		{8777EA4F-A17C-4D44-9281-C543DFD6EE45}.Debug|x86.ActiveCfg = Debug|Any CPU
		{8777EA4F-A17C-4D44-9281-C543DFD6EE45}.Debug|x86.Build.0 = Debug|Any CPU
		{8777EA4F-A17C-4D44-9281-C543DFD6EE45}.Release|Any CPU.ActiveCfg = Release|Any CPU
		{8777EA4F-A17C-4D44-9281-C543DFD6EE45}.Release|Any CPU.Build.0 = Release|Any CPU
		{8777EA4F-A17C-4D44-9281-C543DFD6EE45}.Release|ARM.ActiveCfg = Release|Any CPU
		{8777EA4F-A17C-4D44-9281-C543DFD6EE45}.Release|ARM.Build.0 = Release|Any CPU
		{8777EA4F-A17C-4D44-9281-C543DFD6EE45}.Release|arm64.ActiveCfg = Release|Any CPU
		{8777EA4F-A17C-4D44-9281-C543DFD6EE45}.Release|arm64.Build.0 = Release|Any CPU
		{8777EA4F-A17C-4D44-9281-C543DFD6EE45}.Release|iPhone.ActiveCfg = Release|Any CPU
		{8777EA4F-A17C-4D44-9281-C543DFD6EE45}.Release|iPhone.Build.0 = Release|Any CPU
		{8777EA4F-A17C-4D44-9281-C543DFD6EE45}.Release|iPhoneSimulator.ActiveCfg = Release|Any CPU
		{8777EA4F-A17C-4D44-9281-C543DFD6EE45}.Release|iPhoneSimulator.Build.0 = Release|Any CPU
		{8777EA4F-A17C-4D44-9281-C543DFD6EE45}.Release|x64.ActiveCfg = Release|Any CPU
		{8777EA4F-A17C-4D44-9281-C543DFD6EE45}.Release|x64.Build.0 = Release|Any CPU
		{8777EA4F-A17C-4D44-9281-C543DFD6EE45}.Release|x86.ActiveCfg = Release|Any CPU
		{8777EA4F-A17C-4D44-9281-C543DFD6EE45}.Release|x86.Build.0 = Release|Any CPU
		{A0B3BFDE-DE29-4F2A-98CE-26805A733A17}.Debug|Any CPU.ActiveCfg = Debug|Any CPU
		{A0B3BFDE-DE29-4F2A-98CE-26805A733A17}.Debug|Any CPU.Build.0 = Debug|Any CPU
		{A0B3BFDE-DE29-4F2A-98CE-26805A733A17}.Debug|ARM.ActiveCfg = Debug|Any CPU
		{A0B3BFDE-DE29-4F2A-98CE-26805A733A17}.Debug|ARM.Build.0 = Debug|Any CPU
		{A0B3BFDE-DE29-4F2A-98CE-26805A733A17}.Debug|arm64.ActiveCfg = Debug|Any CPU
		{A0B3BFDE-DE29-4F2A-98CE-26805A733A17}.Debug|arm64.Build.0 = Debug|Any CPU
		{A0B3BFDE-DE29-4F2A-98CE-26805A733A17}.Debug|iPhone.ActiveCfg = Debug|Any CPU
		{A0B3BFDE-DE29-4F2A-98CE-26805A733A17}.Debug|iPhone.Build.0 = Debug|Any CPU
		{A0B3BFDE-DE29-4F2A-98CE-26805A733A17}.Debug|iPhoneSimulator.ActiveCfg = Debug|Any CPU
		{A0B3BFDE-DE29-4F2A-98CE-26805A733A17}.Debug|iPhoneSimulator.Build.0 = Debug|Any CPU
		{A0B3BFDE-DE29-4F2A-98CE-26805A733A17}.Debug|x64.ActiveCfg = Debug|Any CPU
		{A0B3BFDE-DE29-4F2A-98CE-26805A733A17}.Debug|x64.Build.0 = Debug|Any CPU
		{A0B3BFDE-DE29-4F2A-98CE-26805A733A17}.Debug|x86.ActiveCfg = Debug|Any CPU
		{A0B3BFDE-DE29-4F2A-98CE-26805A733A17}.Debug|x86.Build.0 = Debug|Any CPU
		{A0B3BFDE-DE29-4F2A-98CE-26805A733A17}.Release|Any CPU.ActiveCfg = Release|Any CPU
		{A0B3BFDE-DE29-4F2A-98CE-26805A733A17}.Release|Any CPU.Build.0 = Release|Any CPU
		{A0B3BFDE-DE29-4F2A-98CE-26805A733A17}.Release|ARM.ActiveCfg = Release|Any CPU
		{A0B3BFDE-DE29-4F2A-98CE-26805A733A17}.Release|ARM.Build.0 = Release|Any CPU
		{A0B3BFDE-DE29-4F2A-98CE-26805A733A17}.Release|arm64.ActiveCfg = Release|Any CPU
		{A0B3BFDE-DE29-4F2A-98CE-26805A733A17}.Release|arm64.Build.0 = Release|Any CPU
		{A0B3BFDE-DE29-4F2A-98CE-26805A733A17}.Release|iPhone.ActiveCfg = Release|Any CPU
		{A0B3BFDE-DE29-4F2A-98CE-26805A733A17}.Release|iPhone.Build.0 = Release|Any CPU
		{A0B3BFDE-DE29-4F2A-98CE-26805A733A17}.Release|iPhoneSimulator.ActiveCfg = Release|Any CPU
		{A0B3BFDE-DE29-4F2A-98CE-26805A733A17}.Release|iPhoneSimulator.Build.0 = Release|Any CPU
		{A0B3BFDE-DE29-4F2A-98CE-26805A733A17}.Release|x64.ActiveCfg = Release|Any CPU
		{A0B3BFDE-DE29-4F2A-98CE-26805A733A17}.Release|x64.Build.0 = Release|Any CPU
		{A0B3BFDE-DE29-4F2A-98CE-26805A733A17}.Release|x86.ActiveCfg = Release|Any CPU
		{A0B3BFDE-DE29-4F2A-98CE-26805A733A17}.Release|x86.Build.0 = Release|Any CPU
		{09E8A884-22D8-4E58-B2F5-81EE3DC9538C}.Debug|Any CPU.ActiveCfg = Debug|Any CPU
		{09E8A884-22D8-4E58-B2F5-81EE3DC9538C}.Debug|Any CPU.Build.0 = Debug|Any CPU
		{09E8A884-22D8-4E58-B2F5-81EE3DC9538C}.Debug|Any CPU.Deploy.0 = Debug|Any CPU
		{09E8A884-22D8-4E58-B2F5-81EE3DC9538C}.Debug|ARM.ActiveCfg = Debug|Any CPU
		{09E8A884-22D8-4E58-B2F5-81EE3DC9538C}.Debug|ARM.Build.0 = Debug|Any CPU
		{09E8A884-22D8-4E58-B2F5-81EE3DC9538C}.Debug|ARM.Deploy.0 = Debug|Any CPU
		{09E8A884-22D8-4E58-B2F5-81EE3DC9538C}.Debug|arm64.ActiveCfg = Debug|Any CPU
		{09E8A884-22D8-4E58-B2F5-81EE3DC9538C}.Debug|arm64.Build.0 = Debug|Any CPU
		{09E8A884-22D8-4E58-B2F5-81EE3DC9538C}.Debug|arm64.Deploy.0 = Debug|Any CPU
		{09E8A884-22D8-4E58-B2F5-81EE3DC9538C}.Debug|iPhone.ActiveCfg = Debug|Any CPU
		{09E8A884-22D8-4E58-B2F5-81EE3DC9538C}.Debug|iPhone.Build.0 = Debug|Any CPU
		{09E8A884-22D8-4E58-B2F5-81EE3DC9538C}.Debug|iPhone.Deploy.0 = Debug|Any CPU
		{09E8A884-22D8-4E58-B2F5-81EE3DC9538C}.Debug|iPhoneSimulator.ActiveCfg = Debug|Any CPU
		{09E8A884-22D8-4E58-B2F5-81EE3DC9538C}.Debug|iPhoneSimulator.Build.0 = Debug|Any CPU
		{09E8A884-22D8-4E58-B2F5-81EE3DC9538C}.Debug|iPhoneSimulator.Deploy.0 = Debug|Any CPU
		{09E8A884-22D8-4E58-B2F5-81EE3DC9538C}.Debug|x64.ActiveCfg = Debug|Any CPU
		{09E8A884-22D8-4E58-B2F5-81EE3DC9538C}.Debug|x64.Build.0 = Debug|Any CPU
		{09E8A884-22D8-4E58-B2F5-81EE3DC9538C}.Debug|x64.Deploy.0 = Debug|Any CPU
		{09E8A884-22D8-4E58-B2F5-81EE3DC9538C}.Debug|x86.ActiveCfg = Debug|Any CPU
		{09E8A884-22D8-4E58-B2F5-81EE3DC9538C}.Debug|x86.Build.0 = Debug|Any CPU
		{09E8A884-22D8-4E58-B2F5-81EE3DC9538C}.Debug|x86.Deploy.0 = Debug|Any CPU
		{09E8A884-22D8-4E58-B2F5-81EE3DC9538C}.Release|Any CPU.ActiveCfg = Release|Any CPU
		{09E8A884-22D8-4E58-B2F5-81EE3DC9538C}.Release|Any CPU.Build.0 = Release|Any CPU
		{09E8A884-22D8-4E58-B2F5-81EE3DC9538C}.Release|Any CPU.Deploy.0 = Release|Any CPU
		{09E8A884-22D8-4E58-B2F5-81EE3DC9538C}.Release|ARM.ActiveCfg = Release|Any CPU
		{09E8A884-22D8-4E58-B2F5-81EE3DC9538C}.Release|ARM.Build.0 = Release|Any CPU
		{09E8A884-22D8-4E58-B2F5-81EE3DC9538C}.Release|ARM.Deploy.0 = Release|Any CPU
		{09E8A884-22D8-4E58-B2F5-81EE3DC9538C}.Release|arm64.ActiveCfg = Release|Any CPU
		{09E8A884-22D8-4E58-B2F5-81EE3DC9538C}.Release|arm64.Build.0 = Release|Any CPU
		{09E8A884-22D8-4E58-B2F5-81EE3DC9538C}.Release|arm64.Deploy.0 = Release|Any CPU
		{09E8A884-22D8-4E58-B2F5-81EE3DC9538C}.Release|iPhone.ActiveCfg = Release|Any CPU
		{09E8A884-22D8-4E58-B2F5-81EE3DC9538C}.Release|iPhone.Build.0 = Release|Any CPU
		{09E8A884-22D8-4E58-B2F5-81EE3DC9538C}.Release|iPhone.Deploy.0 = Release|Any CPU
		{09E8A884-22D8-4E58-B2F5-81EE3DC9538C}.Release|iPhoneSimulator.ActiveCfg = Release|Any CPU
		{09E8A884-22D8-4E58-B2F5-81EE3DC9538C}.Release|iPhoneSimulator.Build.0 = Release|Any CPU
		{09E8A884-22D8-4E58-B2F5-81EE3DC9538C}.Release|iPhoneSimulator.Deploy.0 = Release|Any CPU
		{09E8A884-22D8-4E58-B2F5-81EE3DC9538C}.Release|x64.ActiveCfg = Release|Any CPU
		{09E8A884-22D8-4E58-B2F5-81EE3DC9538C}.Release|x64.Build.0 = Release|Any CPU
		{09E8A884-22D8-4E58-B2F5-81EE3DC9538C}.Release|x64.Deploy.0 = Release|Any CPU
		{09E8A884-22D8-4E58-B2F5-81EE3DC9538C}.Release|x86.ActiveCfg = Release|Any CPU
		{09E8A884-22D8-4E58-B2F5-81EE3DC9538C}.Release|x86.Build.0 = Release|Any CPU
		{09E8A884-22D8-4E58-B2F5-81EE3DC9538C}.Release|x86.Deploy.0 = Release|Any CPU
		{ABDC0F4F-2818-4EFA-B683-FC3A5DE61311}.Debug|Any CPU.ActiveCfg = Debug|Any CPU
		{ABDC0F4F-2818-4EFA-B683-FC3A5DE61311}.Debug|Any CPU.Build.0 = Debug|Any CPU
		{ABDC0F4F-2818-4EFA-B683-FC3A5DE61311}.Debug|ARM.ActiveCfg = Debug|Any CPU
		{ABDC0F4F-2818-4EFA-B683-FC3A5DE61311}.Debug|ARM.Build.0 = Debug|Any CPU
		{ABDC0F4F-2818-4EFA-B683-FC3A5DE61311}.Debug|arm64.ActiveCfg = Debug|Any CPU
		{ABDC0F4F-2818-4EFA-B683-FC3A5DE61311}.Debug|arm64.Build.0 = Debug|Any CPU
		{ABDC0F4F-2818-4EFA-B683-FC3A5DE61311}.Debug|iPhone.ActiveCfg = Debug|Any CPU
		{ABDC0F4F-2818-4EFA-B683-FC3A5DE61311}.Debug|iPhone.Build.0 = Debug|Any CPU
		{ABDC0F4F-2818-4EFA-B683-FC3A5DE61311}.Debug|iPhoneSimulator.ActiveCfg = Debug|Any CPU
		{ABDC0F4F-2818-4EFA-B683-FC3A5DE61311}.Debug|iPhoneSimulator.Build.0 = Debug|Any CPU
		{ABDC0F4F-2818-4EFA-B683-FC3A5DE61311}.Debug|x64.ActiveCfg = Debug|Any CPU
		{ABDC0F4F-2818-4EFA-B683-FC3A5DE61311}.Debug|x64.Build.0 = Debug|Any CPU
		{ABDC0F4F-2818-4EFA-B683-FC3A5DE61311}.Debug|x86.ActiveCfg = Debug|Any CPU
		{ABDC0F4F-2818-4EFA-B683-FC3A5DE61311}.Debug|x86.Build.0 = Debug|Any CPU
		{ABDC0F4F-2818-4EFA-B683-FC3A5DE61311}.Release|Any CPU.ActiveCfg = Release|Any CPU
		{ABDC0F4F-2818-4EFA-B683-FC3A5DE61311}.Release|Any CPU.Build.0 = Release|Any CPU
		{ABDC0F4F-2818-4EFA-B683-FC3A5DE61311}.Release|ARM.ActiveCfg = Release|Any CPU
		{ABDC0F4F-2818-4EFA-B683-FC3A5DE61311}.Release|ARM.Build.0 = Release|Any CPU
		{ABDC0F4F-2818-4EFA-B683-FC3A5DE61311}.Release|arm64.ActiveCfg = Release|Any CPU
		{ABDC0F4F-2818-4EFA-B683-FC3A5DE61311}.Release|arm64.Build.0 = Release|Any CPU
		{ABDC0F4F-2818-4EFA-B683-FC3A5DE61311}.Release|iPhone.ActiveCfg = Release|Any CPU
		{ABDC0F4F-2818-4EFA-B683-FC3A5DE61311}.Release|iPhone.Build.0 = Release|Any CPU
		{ABDC0F4F-2818-4EFA-B683-FC3A5DE61311}.Release|iPhoneSimulator.ActiveCfg = Release|Any CPU
		{ABDC0F4F-2818-4EFA-B683-FC3A5DE61311}.Release|iPhoneSimulator.Build.0 = Release|Any CPU
		{ABDC0F4F-2818-4EFA-B683-FC3A5DE61311}.Release|x64.ActiveCfg = Release|Any CPU
		{ABDC0F4F-2818-4EFA-B683-FC3A5DE61311}.Release|x64.Build.0 = Release|Any CPU
		{ABDC0F4F-2818-4EFA-B683-FC3A5DE61311}.Release|x86.ActiveCfg = Release|Any CPU
		{ABDC0F4F-2818-4EFA-B683-FC3A5DE61311}.Release|x86.Build.0 = Release|Any CPU
	EndGlobalSection
	GlobalSection(SolutionProperties) = preSolution
		HideSolutionNode = FALSE
	EndGlobalSection
	GlobalSection(ExtensibilityGlobals) = postSolution
		SolutionGuid = {9F90DFCB-42D8-4413-9563-D7188004CD7E}
	EndGlobalSection
EndGlobal
